
Microsoft Visual Studio Solution File, Format Version 12.00
# Visual Studio 15
VisualStudioVersion = 15.0.26730.16
MinimumVisualStudioVersion = 10.0.40219.1
Project("{FAE04EC0-301F-11D3-BF4B-00C04F79EFBC}") = "Otamasyon", "Otamasyon\Otamasyon.csproj", "{94124D0C-E4C9-454A-AC1E-A82DE9E3C9FE}"
EndProject
Global
	GlobalSection(SolutionConfigurationPlatforms) = preSolution
		Debug|Any CPU = Debug|Any CPU
		Release|Any CPU = Release|Any CPU
	EndGlobalSection
	GlobalSection(ProjectConfigurationPlatforms) = postSolution
		{94124D0C-E4C9-454A-AC1E-A82DE9E3C9FE}.Debug|Any CPU.ActiveCfg = Debug|Any CPU
		{94124D0C-E4C9-454A-AC1E-A82DE9E3C9FE}.Debug|Any CPU.Build.0 = Debug|Any CPU
		{94124D0C-E4C9-454A-AC1E-A82DE9E3C9FE}.Release|Any CPU.ActiveCfg = Release|Any CPU
		{94124D0C-E4C9-454A-AC1E-A82DE9E3C9FE}.Release|Any CPU.Build.0 = Release|Any CPU
	EndGlobalSection
	GlobalSection(SolutionProperties) = preSolution
		HideSolutionNode = FALSE
	EndGlobalSection
	GlobalSection(ExtensibilityGlobals) = postSolution
		SolutionGuid = {5FC6F1EA-E2A8-47B5-922B-2A7D0A271DD3}
	EndGlobalSection
EndGlobal
